
Microsoft Visual Studio Solution File, Format Version 12.00
Project("{FAE04EC0-301F-11D3-BF4B-00C04F79EFBC}") = "Quantities", "Quantities\Quantities.csproj", "{D2D7CC08-6072-4481-A569-A42C07572E6A}"
EndProject
Project("{FAE04EC0-301F-11D3-BF4B-00C04F79EFBC}") = "QuantitiesTests", "QuantitiesTests\QuantitiesTests.csproj", "{26E7E1C6-BF89-4CC4-8D57-5AF71DACABEC}"
EndProject
Global
	GlobalSection(SolutionConfigurationPlatforms) = preSolution
		Debug|Any CPU = Debug|Any CPU
		Release|Any CPU = Release|Any CPU
	EndGlobalSection
	GlobalSection(ProjectConfigurationPlatforms) = postSolution
		{D2D7CC08-6072-4481-A569-A42C07572E6A}.Debug|Any CPU.ActiveCfg = Debug|Any CPU
		{D2D7CC08-6072-4481-A569-A42C07572E6A}.Debug|Any CPU.Build.0 = Debug|Any CPU
		{D2D7CC08-6072-4481-A569-A42C07572E6A}.Release|Any CPU.ActiveCfg = Release|Any CPU
		{D2D7CC08-6072-4481-A569-A42C07572E6A}.Release|Any CPU.Build.0 = Release|Any CPU
		{26E7E1C6-BF89-4CC4-8D57-5AF71DACABEC}.Debug|Any CPU.ActiveCfg = Debug|Any CPU
		{26E7E1C6-BF89-4CC4-8D57-5AF71DACABEC}.Debug|Any CPU.Build.0 = Debug|Any CPU
		{26E7E1C6-BF89-4CC4-8D57-5AF71DACABEC}.Release|Any CPU.ActiveCfg = Release|Any CPU
		{26E7E1C6-BF89-4CC4-8D57-5AF71DACABEC}.Release|Any CPU.Build.0 = Release|Any CPU
	EndGlobalSection
EndGlobal
